
Microsoft Visual Studio Solution File, Format Version 12.00
# Visual Studio 15
VisualStudioVersion = 15.0.26124.0
MinimumVisualStudioVersion = 15.0.26124.0
Project("{FAE04EC0-301F-11D3-BF4B-00C04F79EFBC}") = "NCoreUtils.AspNetCore.Rest.Abstractions", "NCoreUtils.AspNetCore.Rest.Abstractions\NCoreUtils.AspNetCore.Rest.Abstractions.csproj", "{FA72DDD3-3F6E-40F3-9263-BEDCB3EB2256}"
EndProject
Project("{FAE04EC0-301F-11D3-BF4B-00C04F79EFBC}") = "NCoreUtils.AspNetCore.Rest", "NCoreUtils.AspNetCore.Rest\NCoreUtils.AspNetCore.Rest.csproj", "{06A2489C-3CB1-4F3E-A720-33EEC02C4D25}"
EndProject
Project("{FAE04EC0-301F-11D3-BF4B-00C04F79EFBC}") = "NCoreUtils.AspNetCore.Rest.Client.Abstractions", "NCoreUtils.AspNetCore.Rest.Client.Abstractions\NCoreUtils.AspNetCore.Rest.Client.Abstractions.csproj", "{8EF82A9D-359B-4C19-A3EE-497F4324E8FA}"
EndProject
Project("{FAE04EC0-301F-11D3-BF4B-00C04F79EFBC}") = "NCoreUtils.AspNetCore.Rest.Client", "NCoreUtils.AspNetCore.Rest.Client\NCoreUtils.AspNetCore.Rest.Client.csproj", "{CDBC6252-3830-4EF6-A88C-BDDB6E72E448}"
EndProject
Global
	GlobalSection(SolutionConfigurationPlatforms) = preSolution
		Debug|Any CPU = Debug|Any CPU
		Debug|x64 = Debug|x64
		Debug|x86 = Debug|x86
		Release|Any CPU = Release|Any CPU
		Release|x64 = Release|x64
		Release|x86 = Release|x86
	EndGlobalSection
	GlobalSection(SolutionProperties) = preSolution
		HideSolutionNode = FALSE
	EndGlobalSection
	GlobalSection(ProjectConfigurationPlatforms) = postSolution
		{FA72DDD3-3F6E-40F3-9263-BEDCB3EB2256}.Debug|Any CPU.ActiveCfg = Debug|Any CPU
		{FA72DDD3-3F6E-40F3-9263-BEDCB3EB2256}.Debug|Any CPU.Build.0 = Debug|Any CPU
		{FA72DDD3-3F6E-40F3-9263-BEDCB3EB2256}.Debug|x64.ActiveCfg = Debug|Any CPU
		{FA72DDD3-3F6E-40F3-9263-BEDCB3EB2256}.Debug|x64.Build.0 = Debug|Any CPU
		{FA72DDD3-3F6E-40F3-9263-BEDCB3EB2256}.Debug|x86.ActiveCfg = Debug|Any CPU
		{FA72DDD3-3F6E-40F3-9263-BEDCB3EB2256}.Debug|x86.Build.0 = Debug|Any CPU
		{FA72DDD3-3F6E-40F3-9263-BEDCB3EB2256}.Release|Any CPU.ActiveCfg = Release|Any CPU
		{FA72DDD3-3F6E-40F3-9263-BEDCB3EB2256}.Release|Any CPU.Build.0 = Release|Any CPU
		{FA72DDD3-3F6E-40F3-9263-BEDCB3EB2256}.Release|x64.ActiveCfg = Release|Any CPU
		{FA72DDD3-3F6E-40F3-9263-BEDCB3EB2256}.Release|x64.Build.0 = Release|Any CPU
		{FA72DDD3-3F6E-40F3-9263-BEDCB3EB2256}.Release|x86.ActiveCfg = Release|Any CPU
		{FA72DDD3-3F6E-40F3-9263-BEDCB3EB2256}.Release|x86.Build.0 = Release|Any CPU
		{06A2489C-3CB1-4F3E-A720-33EEC02C4D25}.Debug|Any CPU.ActiveCfg = Debug|Any CPU
		{06A2489C-3CB1-4F3E-A720-33EEC02C4D25}.Debug|Any CPU.Build.0 = Debug|Any CPU
		{06A2489C-3CB1-4F3E-A720-33EEC02C4D25}.Debug|x64.ActiveCfg = Debug|Any CPU
		{06A2489C-3CB1-4F3E-A720-33EEC02C4D25}.Debug|x64.Build.0 = Debug|Any CPU
		{06A2489C-3CB1-4F3E-A720-33EEC02C4D25}.Debug|x86.ActiveCfg = Debug|Any CPU
		{06A2489C-3CB1-4F3E-A720-33EEC02C4D25}.Debug|x86.Build.0 = Debug|Any CPU
		{06A2489C-3CB1-4F3E-A720-33EEC02C4D25}.Release|Any CPU.ActiveCfg = Release|Any CPU
		{06A2489C-3CB1-4F3E-A720-33EEC02C4D25}.Release|Any CPU.Build.0 = Release|Any CPU
		{06A2489C-3CB1-4F3E-A720-33EEC02C4D25}.Release|x64.ActiveCfg = Release|Any CPU
		{06A2489C-3CB1-4F3E-A720-33EEC02C4D25}.Release|x64.Build.0 = Release|Any CPU
		{06A2489C-3CB1-4F3E-A720-33EEC02C4D25}.Release|x86.ActiveCfg = Release|Any CPU
		{06A2489C-3CB1-4F3E-A720-33EEC02C4D25}.Release|x86.Build.0 = Release|Any CPU
		{8EF82A9D-359B-4C19-A3EE-497F4324E8FA}.Debug|Any CPU.ActiveCfg = Debug|Any CPU
		{8EF82A9D-359B-4C19-A3EE-497F4324E8FA}.Debug|Any CPU.Build.0 = Debug|Any CPU
		{8EF82A9D-359B-4C19-A3EE-497F4324E8FA}.Debug|x64.ActiveCfg = Debug|Any CPU
		{8EF82A9D-359B-4C19-A3EE-497F4324E8FA}.Debug|x64.Build.0 = Debug|Any CPU
		{8EF82A9D-359B-4C19-A3EE-497F4324E8FA}.Debug|x86.ActiveCfg = Debug|Any CPU
		{8EF82A9D-359B-4C19-A3EE-497F4324E8FA}.Debug|x86.Build.0 = Debug|Any CPU
		{8EF82A9D-359B-4C19-A3EE-497F4324E8FA}.Release|Any CPU.ActiveCfg = Release|Any CPU
		{8EF82A9D-359B-4C19-A3EE-497F4324E8FA}.Release|Any CPU.Build.0 = Release|Any CPU
		{8EF82A9D-359B-4C19-A3EE-497F4324E8FA}.Release|x64.ActiveCfg = Release|Any CPU
		{8EF82A9D-359B-4C19-A3EE-497F4324E8FA}.Release|x64.Build.0 = Release|Any CPU
		{8EF82A9D-359B-4C19-A3EE-497F4324E8FA}.Release|x86.ActiveCfg = Release|Any CPU
		{8EF82A9D-359B-4C19-A3EE-497F4324E8FA}.Release|x86.Build.0 = Release|Any CPU
		{CDBC6252-3830-4EF6-A88C-BDDB6E72E448}.Debug|Any CPU.ActiveCfg = Debug|Any CPU
		{CDBC6252-3830-4EF6-A88C-BDDB6E72E448}.Debug|Any CPU.Build.0 = Debug|Any CPU
		{CDBC6252-3830-4EF6-A88C-BDDB6E72E448}.Debug|x64.ActiveCfg = Debug|Any CPU
		{CDBC6252-3830-4EF6-A88C-BDDB6E72E448}.Debug|x64.Build.0 = Debug|Any CPU
		{CDBC6252-3830-4EF6-A88C-BDDB6E72E448}.Debug|x86.ActiveCfg = Debug|Any CPU
		{CDBC6252-3830-4EF6-A88C-BDDB6E72E448}.Debug|x86.Build.0 = Debug|Any CPU
		{CDBC6252-3830-4EF6-A88C-BDDB6E72E448}.Release|Any CPU.ActiveCfg = Release|Any CPU
		{CDBC6252-3830-4EF6-A88C-BDDB6E72E448}.Release|Any CPU.Build.0 = Release|Any CPU
		{CDBC6252-3830-4EF6-A88C-BDDB6E72E448}.Release|x64.ActiveCfg = Release|Any CPU
		{CDBC6252-3830-4EF6-A88C-BDDB6E72E448}.Release|x64.Build.0 = Release|Any CPU
		{CDBC6252-3830-4EF6-A88C-BDDB6E72E448}.Release|x86.ActiveCfg = Release|Any CPU
		{CDBC6252-3830-4EF6-A88C-BDDB6E72E448}.Release|x86.Build.0 = Release|Any CPU
	EndGlobalSection
EndGlobal
